
Microsoft Visual Studio Solution File, Format Version 12.00
# Visual Studio Version 17
VisualStudioVersion = 17.14.36414.22 d17.14
MinimumVisualStudioVersion = 10.0.40219.1
Project("{FAE04EC0-301F-11D3-BF4B-00C04F79EFBC}") = "OOPvReview", "OOPvReview\OOPvReview.csproj", "{19C49296-7062-4616-9BE3-97A0D7DBF3CD}"
EndProject
Global
	GlobalSection(SolutionConfigurationPlatforms) = preSolution
		Debug|Any CPU = Debug|Any CPU
		Release|Any CPU = Release|Any CPU
	EndGlobalSection
	GlobalSection(ProjectConfigurationPlatforms) = postSolution
		{19C49296-7062-4616-9BE3-97A0D7DBF3CD}.Debug|Any CPU.ActiveCfg = Debug|Any CPU
		{19C49296-7062-4616-9BE3-97A0D7DBF3CD}.Debug|Any CPU.Build.0 = Debug|Any CPU
		{19C49296-7062-4616-9BE3-97A0D7DBF3CD}.Release|Any CPU.ActiveCfg = Release|Any CPU
		{19C49296-7062-4616-9BE3-97A0D7DBF3CD}.Release|Any CPU.Build.0 = Release|Any CPU
	EndGlobalSection
	GlobalSection(SolutionProperties) = preSolution
		HideSolutionNode = FALSE
	EndGlobalSection
	GlobalSection(ExtensibilityGlobals) = postSolution
		SolutionGuid = {94228A76-6428-4C5C-8E51-F740187E8527}
	EndGlobalSection
EndGlobal
